
Microsoft Visual Studio Solution File, Format Version 12.00
# Visual Studio Version 17
VisualStudioVersion = 17.0.31903.59
MinimumVisualStudioVersion = 10.0.40219.1
Project("{2150E333-8FDC-42A3-9474-1A3956D46DE8}") = "src", "src", "{827E0CD3-B72D-47B6-A68D-7590B98EB39B}"
EndProject
Project("{2150E333-8FDC-42A3-9474-1A3956D46DE8}") = "tests", "tests", "{E8E458BE-8E0A-43CF-953D-EC8FD978F43A}"
EndProject
Project("{FAE04EC0-301F-11D3-BF4B-00C04F79EFBC}") = "Versta.Orders.Api", "src\Versta.Orders.Api\Versta.Orders.Api.csproj", "{B8EB5F3D-BCE7-4C64-B45A-8536454E460E}"
EndProject
Project("{FAE04EC0-301F-11D3-BF4B-00C04F79EFBC}") = "Versta.Orders.Api.Tests", "tests\Versta.Orders.Api.Tests\Versta.Orders.Api.Tests.csproj", "{3649C879-B1A4-4A39-9098-83A04E8A7E22}"
EndProject
Global
	GlobalSection(SolutionConfigurationPlatforms) = preSolution
		Debug|Any CPU = Debug|Any CPU
		Debug|x64 = Debug|x64
		Debug|x86 = Debug|x86
		Release|Any CPU = Release|Any CPU
		Release|x64 = Release|x64
		Release|x86 = Release|x86
	EndGlobalSection
	GlobalSection(ProjectConfigurationPlatforms) = postSolution
		{B8EB5F3D-BCE7-4C64-B45A-8536454E460E}.Debug|Any CPU.ActiveCfg = Debug|Any CPU
		{B8EB5F3D-BCE7-4C64-B45A-8536454E460E}.Debug|Any CPU.Build.0 = Debug|Any CPU
		{B8EB5F3D-BCE7-4C64-B45A-8536454E460E}.Debug|x64.ActiveCfg = Debug|Any CPU
		{B8EB5F3D-BCE7-4C64-B45A-8536454E460E}.Debug|x64.Build.0 = Debug|Any CPU
		{B8EB5F3D-BCE7-4C64-B45A-8536454E460E}.Debug|x86.ActiveCfg = Debug|Any CPU
		{B8EB5F3D-BCE7-4C64-B45A-8536454E460E}.Debug|x86.Build.0 = Debug|Any CPU
		{B8EB5F3D-BCE7-4C64-B45A-8536454E460E}.Release|Any CPU.ActiveCfg = Release|Any CPU
		{B8EB5F3D-BCE7-4C64-B45A-8536454E460E}.Release|Any CPU.Build.0 = Release|Any CPU
		{B8EB5F3D-BCE7-4C64-B45A-8536454E460E}.Release|x64.ActiveCfg = Release|Any CPU
		{B8EB5F3D-BCE7-4C64-B45A-8536454E460E}.Release|x64.Build.0 = Release|Any CPU
		{B8EB5F3D-BCE7-4C64-B45A-8536454E460E}.Release|x86.ActiveCfg = Release|Any CPU
		{B8EB5F3D-BCE7-4C64-B45A-8536454E460E}.Release|x86.Build.0 = Release|Any CPU
		{3649C879-B1A4-4A39-9098-83A04E8A7E22}.Debug|Any CPU.ActiveCfg = Debug|Any CPU
		{3649C879-B1A4-4A39-9098-83A04E8A7E22}.Debug|Any CPU.Build.0 = Debug|Any CPU
		{3649C879-B1A4-4A39-9098-83A04E8A7E22}.Debug|x64.ActiveCfg = Debug|Any CPU
		{3649C879-B1A4-4A39-9098-83A04E8A7E22}.Debug|x64.Build.0 = Debug|Any CPU
		{3649C879-B1A4-4A39-9098-83A04E8A7E22}.Debug|x86.ActiveCfg = Debug|Any CPU
		{3649C879-B1A4-4A39-9098-83A04E8A7E22}.Debug|x86.Build.0 = Debug|Any CPU
		{3649C879-B1A4-4A39-9098-83A04E8A7E22}.Release|Any CPU.ActiveCfg = Release|Any CPU
		{3649C879-B1A4-4A39-9098-83A04E8A7E22}.Release|Any CPU.Build.0 = Release|Any CPU
		{3649C879-B1A4-4A39-9098-83A04E8A7E22}.Release|x64.ActiveCfg = Release|Any CPU
		{3649C879-B1A4-4A39-9098-83A04E8A7E22}.Release|x64.Build.0 = Release|Any CPU
		{3649C879-B1A4-4A39-9098-83A04E8A7E22}.Release|x86.ActiveCfg = Release|Any CPU
		{3649C879-B1A4-4A39-9098-83A04E8A7E22}.Release|x86.Build.0 = Release|Any CPU
	EndGlobalSection
	GlobalSection(SolutionProperties) = preSolution
		HideSolutionNode = FALSE
	EndGlobalSection
	GlobalSection(NestedProjects) = preSolution
		{B8EB5F3D-BCE7-4C64-B45A-8536454E460E} = {827E0CD3-B72D-47B6-A68D-7590B98EB39B}
		{3649C879-B1A4-4A39-9098-83A04E8A7E22} = {E8E458BE-8E0A-43CF-953D-EC8FD978F43A}
	EndGlobalSection
EndGlobal
